// !$*UTF8*$!
{
	archiveVersion = 1;
	classes = {
	};
	objectVersion = 46;
	objects = {

/* Begin PBXBuildFile section */
		C2029DED13E2122A009FCD13 /* UIKit.framework in Frameworks */ = {isa = PBXBuildFile; fileRef = C2029DEC13E2122A009FCD13 /* UIKit.framework */; };
		C2029DEF13E2122A009FCD13 /* Foundation.framework in Frameworks */ = {isa = PBXBuildFile; fileRef = C2029DEE13E2122A009FCD13 /* Foundation.framework */; };
		C2029DF113E2122A009FCD13 /* CoreGraphics.framework in Frameworks */ = {isa = PBXBuildFile; fileRef = C2029DF013E2122A009FCD13 /* CoreGraphics.framework */; };
		C2029DF313E2122A009FCD13 /* CoreData.framework in Frameworks */ = {isa = PBXBuildFile; fileRef = C2029DF213E2122A009FCD13 /* CoreData.framework */; };
		C2029DF913E2122A009FCD13 /* InfoPlist.strings in Resources */ = {isa = PBXBuildFile; fileRef = C2029DF713E2122A009FCD13 /* InfoPlist.strings */; };
		C2029DFB13E2122A009FCD13 /* main.m in Sources */ = {isa = PBXBuildFile; fileRef = C2029DFA13E2122A009FCD13 /* main.m */; };
		C2029DFF13E2122A009FCD13 /* HelloChair4AppDelegate.m in Sources */ = {isa = PBXBuildFile; fileRef = C2029DFE13E2122A009FCD13 /* HelloChair4AppDelegate.m */; };
		C2029E0213E2122A009FCD13 /* HelloChair4.xcdatamodeld in Sources */ = {isa = PBXBuildFile; fileRef = C2029E0013E2122A009FCD13 /* HelloChair4.xcdatamodeld */; };
		C2029E0513E2122A009FCD13 /* MainWindow.xib in Resources */ = {isa = PBXBuildFile; fileRef = C2029E0313E2122A009FCD13 /* MainWindow.xib */; };
		C2029E0813E2122A009FCD13 /* HCActivityViewController.m in Sources */ = {isa = PBXBuildFile; fileRef = C2029E0713E2122A009FCD13 /* HCActivityViewController.m */; };
		C2029E0B13E2122A009FCD13 /* HCActivityViewController.xib in Resources */ = {isa = PBXBuildFile; fileRef = C2029E0913E2122A009FCD13 /* HCActivityViewController.xib */; };
		C2029E1413E2128A009FCD13 /* HCUserProfileViewController.m in Sources */ = {isa = PBXBuildFile; fileRef = C2029E1213E2128A009FCD13 /* HCUserProfileViewController.m */; };
		C2029E1513E2128A009FCD13 /* HCUserProfileViewController.xib in Resources */ = {isa = PBXBuildFile; fileRef = C2029E1313E2128A009FCD13 /* HCUserProfileViewController.xib */; };
		C2029E1913E21355009FCD13 /* HCDrawingViewController.m in Sources */ = {isa = PBXBuildFile; fileRef = C2029E1713E21355009FCD13 /* HCDrawingViewController.m */; };
		C208B66713E2BC5000D0B481 /* CoreDataJSONKit.m in Sources */ = {isa = PBXBuildFile; fileRef = C208B59513E2BC4F00D0B481 /* CoreDataJSONKit.m */; };
		C208B67A13E2BC5000D0B481 /* JSONKit.m in Sources */ = {isa = PBXBuildFile; fileRef = C208B5BD13E2BC5000D0B481 /* JSONKit.m */; };
		C208B69113E2BC5000D0B481 /* Adjectives.txt in Resources */ = {isa = PBXBuildFile; fileRef = C208B5E413E2BC5000D0B481 /* Adjectives.txt */; };
		C208B69213E2BC5000D0B481 /* AFCallback.m in Sources */ = {isa = PBXBuildFile; fileRef = C208B5E713E2BC5000D0B481 /* AFCallback.m */; };
		C208B69313E2BC5000D0B481 /* AFHTTPOperation.m in Sources */ = {isa = PBXBuildFile; fileRef = C208B5E913E2BC5000D0B481 /* AFHTTPOperation.m */; };
		C208B69413E2BC5000D0B481 /* AFImageRequestOperation.m in Sources */ = {isa = PBXBuildFile; fileRef = C208B5EB13E2BC5000D0B481 /* AFImageRequestOperation.m */; };
		C208B69513E2BC5000D0B481 /* AFRestClient.m in Sources */ = {isa = PBXBuildFile; fileRef = C208B5ED13E2BC5000D0B481 /* AFRestClient.m */; };
		C208B69613E2BC5000D0B481 /* QHTTPOperation.m in Sources */ = {isa = PBXBuildFile; fileRef = C208B5F013E2BC5000D0B481 /* QHTTPOperation.m */; };
		C208B69713E2BC5000D0B481 /* QRunLoopOperation.m in Sources */ = {isa = PBXBuildFile; fileRef = C208B5F213E2BC5000D0B481 /* QRunLoopOperation.m */; };
		C208B69813E2BC5000D0B481 /* UIImage+AFNetworking.m in Sources */ = {isa = PBXBuildFile; fileRef = C208B5F413E2BC5000D0B481 /* UIImage+AFNetworking.m */; };
		C208B69913E2BC5000D0B481 /* CDCouchDocumentsTableViewController.m in Sources */ = {isa = PBXBuildFile; fileRef = C208B5F613E2BC5000D0B481 /* CDCouchDocumentsTableViewController.m */; };
		C208B69A13E2BC5000D0B481 /* CDCouchDocumentsTableViewController.xib in Resources */ = {isa = PBXBuildFile; fileRef = C208B5F713E2BC5000D0B481 /* CDCouchDocumentsTableViewController.xib */; };
		C208B69B13E2BC5000D0B481 /* CKCouchAPIClient.m in Sources */ = {isa = PBXBuildFile; fileRef = C208B5F913E2BC5000D0B481 /* CKCouchAPIClient.m */; };
		C208B69C13E2BC5000D0B481 /* CKCouchDB.m in Sources */ = {isa = PBXBuildFile; fileRef = C208B5FB13E2BC5000D0B481 /* CKCouchDB.m */; };
		C208B69D13E2BC5000D0B481 /* CKGalleryView.m in Sources */ = {isa = PBXBuildFile; fileRef = C208B5FE13E2BC5000D0B481 /* CKGalleryView.m */; };
		C208B69E13E2BC5000D0B481 /* CKGalleryViewController.m in Sources */ = {isa = PBXBuildFile; fileRef = C208B60013E2BC5000D0B481 /* CKGalleryViewController.m */; };
		C208B69F13E2BC5000D0B481 /* CKGalleryViewController.xib in Resources */ = {isa = PBXBuildFile; fileRef = C208B60113E2BC5000D0B481 /* CKGalleryViewController.xib */; };
		C208B6A013E2BC5000D0B481 /* CKInsertDocumentsOperation.m in Sources */ = {isa = PBXBuildFile; fileRef = C208B60313E2BC5000D0B481 /* CKInsertDocumentsOperation.m */; };
		C208B6A113E2BC5000D0B481 /* CKInsertOperation.m in Sources */ = {isa = PBXBuildFile; fileRef = C208B60513E2BC5000D0B481 /* CKInsertOperation.m */; };
		C208B6A213E2BC5000D0B481 /* NamerAdditions.m in Sources */ = {isa = PBXBuildFile; fileRef = C208B60713E2BC5000D0B481 /* NamerAdditions.m */; };
		C208B6A313E2BC5000D0B481 /* Nouns.txt in Resources */ = {isa = PBXBuildFile; fileRef = C208B60813E2BC5000D0B481 /* Nouns.txt */; };
		C208B6A413E2BC5000D0B481 /* NSString+Additions.m in Sources */ = {isa = PBXBuildFile; fileRef = C208B60A13E2BC5000D0B481 /* NSString+Additions.m */; };
		C208B6A513E2BC5000D0B481 /* Prepositions.txt in Resources */ = {isa = PBXBuildFile; fileRef = C208B60B13E2BC5000D0B481 /* Prepositions.txt */; };
		C208B6A613E2BC5000D0B481 /* Verbs.txt in Resources */ = {isa = PBXBuildFile; fileRef = C208B60C13E2BC5000D0B481 /* Verbs.txt */; };
		C208B6BD13E2BC5000D0B481 /* CDDrawingView.m in Sources */ = {isa = PBXBuildFile; fileRef = C208B63413E2BC5000D0B481 /* CDDrawingView.m */; };
		C208B6BE13E2BC5000D0B481 /* CDDrawingViewController.m in Sources */ = {isa = PBXBuildFile; fileRef = C208B63613E2BC5000D0B481 /* CDDrawingViewController.m */; };
		C208B6BF13E2BC5000D0B481 /* CDDrawingViewController.xib in Resources */ = {isa = PBXBuildFile; fileRef = C208B63713E2BC5000D0B481 /* CDDrawingViewController.xib */; };
		C208B6C013E2BC5000D0B481 /* CDImageToDataTransformer.m in Sources */ = {isa = PBXBuildFile; fileRef = C208B63913E2BC5000D0B481 /* CDImageToDataTransformer.m */; };
		C208B6C113E2BC5000D0B481 /* DrawingKit.xcdatamodeld in Sources */ = {isa = PBXBuildFile; fileRef = C208B63A13E2BC5000D0B481 /* DrawingKit.xcdatamodeld */; };
		C208B6C213E2BC5000D0B481 /* _CDDrawing.m in Sources */ = {isa = PBXBuildFile; fileRef = C208B63E13E2BC5000D0B481 /* _CDDrawing.m */; };
		C208B6C313E2BC5000D0B481 /* _CDPath.m in Sources */ = {isa = PBXBuildFile; fileRef = C208B64013E2BC5000D0B481 /* _CDPath.m */; };
		C208B6C413E2BC5000D0B481 /* _CDPoint.m in Sources */ = {isa = PBXBuildFile; fileRef = C208B64213E2BC5000D0B481 /* _CDPoint.m */; };
		C208B6C513E2BC5000D0B481 /* CDDrawing.m in Sources */ = {isa = PBXBuildFile; fileRef = C208B64413E2BC5000D0B481 /* CDDrawing.m */; };
		C208B6C613E2BC5000D0B481 /* CDPath.m in Sources */ = {isa = PBXBuildFile; fileRef = C208B64613E2BC5000D0B481 /* CDPath.m */; };
		C208B6C713E2BC5000D0B481 /* CDPoint.m in Sources */ = {isa = PBXBuildFile; fileRef = C208B64813E2BC5000D0B481 /* CDPoint.m */; };
		C208B6C813E2BC5000D0B481 /* Readme.txt in Resources */ = {isa = PBXBuildFile; fileRef = C208B64913E2BC5000D0B481 /* Readme.txt */; };
		C208B6C913E2BC5000D0B481 /* runMOGenerator.sh in Resources */ = {isa = PBXBuildFile; fileRef = C208B64A13E2BC5000D0B481 /* runMOGenerator.sh */; };
		C208B6CA13E2BC5000D0B481 /* UIColor+Additions.m in Sources */ = {isa = PBXBuildFile; fileRef = C208B64C13E2BC5000D0B481 /* UIColor+Additions.m */; };
		C2EBCAA113E2342200AF240F /* CDDrawing+RemixAdditions.m in Sources */ = {isa = PBXBuildFile; fileRef = C2EBCAA013E2342200AF240F /* CDDrawing+RemixAdditions.m */; };
		C2FD792813E278160094F105 /* HCFetchedResultsController.m in Sources */ = {isa = PBXBuildFile; fileRef = C2FD792713E278160094F105 /* HCFetchedResultsController.m */; };
/* End PBXBuildFile section */

/* Begin PBXFileReference section */
		C2029DE813E2122A009FCD13 /* HelloChair4.app */ = {isa = PBXFileReference; explicitFileType = wrapper.application; includeInIndex = 0; path = HelloChair4.app; sourceTree = BUILT_PRODUCTS_DIR; };
		C2029DEC13E2122A009FCD13 /* UIKit.framework */ = {isa = PBXFileReference; lastKnownFileType = wrapper.framework; name = UIKit.framework; path = System/Library/Frameworks/UIKit.framework; sourceTree = SDKROOT; };
		C2029DEE13E2122A009FCD13 /* Foundation.framework */ = {isa = PBXFileReference; lastKnownFileType = wrapper.framework; name = Foundation.framework; path = System/Library/Frameworks/Foundation.framework; sourceTree = SDKROOT; };
		C2029DF013E2122A009FCD13 /* CoreGraphics.framework */ = {isa = PBXFileReference; lastKnownFileType = wrapper.framework; name = CoreGraphics.framework; path = System/Library/Frameworks/CoreGraphics.framework; sourceTree = SDKROOT; };
		C2029DF213E2122A009FCD13 /* CoreData.framework */ = {isa = PBXFileReference; lastKnownFileType = wrapper.framework; name = CoreData.framework; path = System/Library/Frameworks/CoreData.framework; sourceTree = SDKROOT; };
		C2029DF613E2122A009FCD13 /* HelloChair4-Info.plist */ = {isa = PBXFileReference; lastKnownFileType = text.plist.xml; path = "HelloChair4-Info.plist"; sourceTree = "<group>"; };
		C2029DF813E2122A009FCD13 /* en */ = {isa = PBXFileReference; lastKnownFileType = text.plist.strings; name = en; path = en.lproj/InfoPlist.strings; sourceTree = "<group>"; };
		C2029DFA13E2122A009FCD13 /* main.m */ = {isa = PBXFileReference; lastKnownFileType = sourcecode.c.objc; path = main.m; sourceTree = "<group>"; };
		C2029DFC13E2122A009FCD13 /* HelloChair4-Prefix.pch */ = {isa = PBXFileReference; lastKnownFileType = sourcecode.c.h; path = "HelloChair4-Prefix.pch"; sourceTree = "<group>"; };
		C2029DFD13E2122A009FCD13 /* HelloChair4AppDelegate.h */ = {isa = PBXFileReference; lastKnownFileType = sourcecode.c.h; path = HelloChair4AppDelegate.h; sourceTree = "<group>"; };
		C2029DFE13E2122A009FCD13 /* HelloChair4AppDelegate.m */ = {isa = PBXFileReference; lastKnownFileType = sourcecode.c.objc; path = HelloChair4AppDelegate.m; sourceTree = "<group>"; };
		C2029E0113E2122A009FCD13 /* HelloChair4.xcdatamodel */ = {isa = PBXFileReference; lastKnownFileType = wrapper.xcdatamodel; path = HelloChair4.xcdatamodel; sourceTree = "<group>"; };
		C2029E0413E2122A009FCD13 /* en */ = {isa = PBXFileReference; lastKnownFileType = file.xib; name = en; path = en.lproj/MainWindow.xib; sourceTree = "<group>"; };
		C2029E0613E2122A009FCD13 /* HCActivityViewController.h */ = {isa = PBXFileReference; lastKnownFileType = sourcecode.c.h; path = HCActivityViewController.h; sourceTree = "<group>"; };
		C2029E0713E2122A009FCD13 /* HCActivityViewController.m */ = {isa = PBXFileReference; lastKnownFileType = sourcecode.c.objc; path = HCActivityViewController.m; sourceTree = "<group>"; };
		C2029E0A13E2122A009FCD13 /* en */ = {isa = PBXFileReference; lastKnownFileType = file.xib; name = en; path = en.lproj/HCActivityViewController.xib; sourceTree = "<group>"; };
		C2029E1113E2128A009FCD13 /* HCUserProfileViewController.h */ = {isa = PBXFileReference; fileEncoding = 4; lastKnownFileType = sourcecode.c.h; path = HCUserProfileViewController.h; sourceTree = "<group>"; };
		C2029E1213E2128A009FCD13 /* HCUserProfileViewController.m */ = {isa = PBXFileReference; fileEncoding = 4; lastKnownFileType = sourcecode.c.objc; path = HCUserProfileViewController.m; sourceTree = "<group>"; };
		C2029E1313E2128A009FCD13 /* HCUserProfileViewController.xib */ = {isa = PBXFileReference; fileEncoding = 4; lastKnownFileType = file.xib; path = HCUserProfileViewController.xib; sourceTree = "<group>"; };
		C2029E1613E21355009FCD13 /* HCDrawingViewController.h */ = {isa = PBXFileReference; fileEncoding = 4; lastKnownFileType = sourcecode.c.h; path = HCDrawingViewController.h; sourceTree = "<group>"; };
		C2029E1713E21355009FCD13 /* HCDrawingViewController.m */ = {isa = PBXFileReference; fileEncoding = 4; lastKnownFileType = sourcecode.c.objc; path = HCDrawingViewController.m; sourceTree = "<group>"; };
		C208B59413E2BC4F00D0B481 /* CoreDataJSONKit.h */ = {isa = PBXFileReference; fileEncoding = 4; lastKnownFileType = sourcecode.c.h; path = CoreDataJSONKit.h; sourceTree = "<group>"; };
		C208B59513E2BC4F00D0B481 /* CoreDataJSONKit.m */ = {isa = PBXFileReference; fileEncoding = 4; lastKnownFileType = sourcecode.c.objc; path = CoreDataJSONKit.m; sourceTree = "<group>"; };
		C208B5BC13E2BC5000D0B481 /* JSONKit.h */ = {isa = PBXFileReference; fileEncoding = 4; lastKnownFileType = sourcecode.c.h; path = JSONKit.h; sourceTree = "<group>"; };
		C208B5BD13E2BC5000D0B481 /* JSONKit.m */ = {isa = PBXFileReference; fileEncoding = 4; lastKnownFileType = sourcecode.c.objc; path = JSONKit.m; sourceTree = "<group>"; };
		C208B5E413E2BC5000D0B481 /* Adjectives.txt */ = {isa = PBXFileReference; fileEncoding = 4; lastKnownFileType = text; path = Adjectives.txt; sourceTree = "<group>"; };
		C208B5E613E2BC5000D0B481 /* AFCallback.h */ = {isa = PBXFileReference; fileEncoding = 4; lastKnownFileType = sourcecode.c.h; path = AFCallback.h; sourceTree = "<group>"; };
		C208B5E713E2BC5000D0B481 /* AFCallback.m */ = {isa = PBXFileReference; fileEncoding = 4; lastKnownFileType = sourcecode.c.objc; path = AFCallback.m; sourceTree = "<group>"; };
		C208B5E813E2BC5000D0B481 /* AFHTTPOperation.h */ = {isa = PBXFileReference; fileEncoding = 4; lastKnownFileType = sourcecode.c.h; path = AFHTTPOperation.h; sourceTree = "<group>"; };
		C208B5E913E2BC5000D0B481 /* AFHTTPOperation.m */ = {isa = PBXFileReference; fileEncoding = 4; lastKnownFileType = sourcecode.c.objc; path = AFHTTPOperation.m; sourceTree = "<group>"; };
		C208B5EA13E2BC5000D0B481 /* AFImageRequestOperation.h */ = {isa = PBXFileReference; fileEncoding = 4; lastKnownFileType = sourcecode.c.h; path = AFImageRequestOperation.h; sourceTree = "<group>"; };
		C208B5EB13E2BC5000D0B481 /* AFImageRequestOperation.m */ = {isa = PBXFileReference; fileEncoding = 4; lastKnownFileType = sourcecode.c.objc; path = AFImageRequestOperation.m; sourceTree = "<group>"; };
		C208B5EC13E2BC5000D0B481 /* AFRestClient.h */ = {isa = PBXFileReference; fileEncoding = 4; lastKnownFileType = sourcecode.c.h; path = AFRestClient.h; sourceTree = "<group>"; };
		C208B5ED13E2BC5000D0B481 /* AFRestClient.m */ = {isa = PBXFileReference; fileEncoding = 4; lastKnownFileType = sourcecode.c.objc; path = AFRestClient.m; sourceTree = "<group>"; };
		C208B5EF13E2BC5000D0B481 /* QHTTPOperation.h */ = {isa = PBXFileReference; fileEncoding = 4; lastKnownFileType = sourcecode.c.h; path = QHTTPOperation.h; sourceTree = "<group>"; };
		C208B5F013E2BC5000D0B481 /* QHTTPOperation.m */ = {isa = PBXFileReference; fileEncoding = 4; lastKnownFileType = sourcecode.c.objc; path = QHTTPOperation.m; sourceTree = "<group>"; };
		C208B5F113E2BC5000D0B481 /* QRunLoopOperation.h */ = {isa = PBXFileReference; fileEncoding = 4; lastKnownFileType = sourcecode.c.h; path = QRunLoopOperation.h; sourceTree = "<group>"; };
		C208B5F213E2BC5000D0B481 /* QRunLoopOperation.m */ = {isa = PBXFileReference; fileEncoding = 4; lastKnownFileType = sourcecode.c.objc; path = QRunLoopOperation.m; sourceTree = "<group>"; };
		C208B5F313E2BC5000D0B481 /* UIImage+AFNetworking.h */ = {isa = PBXFileReference; fileEncoding = 4; lastKnownFileType = sourcecode.c.h; path = "UIImage+AFNetworking.h"; sourceTree = "<group>"; };
		C208B5F413E2BC5000D0B481 /* UIImage+AFNetworking.m */ = {isa = PBXFileReference; fileEncoding = 4; lastKnownFileType = sourcecode.c.objc; path = "UIImage+AFNetworking.m"; sourceTree = "<group>"; };
		C208B5F513E2BC5000D0B481 /* CDCouchDocumentsTableViewController.h */ = {isa = PBXFileReference; fileEncoding = 4; lastKnownFileType = sourcecode.c.h; path = CDCouchDocumentsTableViewController.h; sourceTree = "<group>"; };
		C208B5F613E2BC5000D0B481 /* CDCouchDocumentsTableViewController.m */ = {isa = PBXFileReference; fileEncoding = 4; lastKnownFileType = sourcecode.c.objc; path = CDCouchDocumentsTableViewController.m; sourceTree = "<group>"; };
		C208B5F713E2BC5000D0B481 /* CDCouchDocumentsTableViewController.xib */ = {isa = PBXFileReference; fileEncoding = 4; lastKnownFileType = file.xib; path = CDCouchDocumentsTableViewController.xib; sourceTree = "<group>"; };
		C208B5F813E2BC5000D0B481 /* CKCouchAPIClient.h */ = {isa = PBXFileReference; fileEncoding = 4; lastKnownFileType = sourcecode.c.h; path = CKCouchAPIClient.h; sourceTree = "<group>"; };
		C208B5F913E2BC5000D0B481 /* CKCouchAPIClient.m */ = {isa = PBXFileReference; fileEncoding = 4; lastKnownFileType = sourcecode.c.objc; path = CKCouchAPIClient.m; sourceTree = "<group>"; };
		C208B5FA13E2BC5000D0B481 /* CKCouchDB.h */ = {isa = PBXFileReference; fileEncoding = 4; lastKnownFileType = sourcecode.c.h; path = CKCouchDB.h; sourceTree = "<group>"; };
		C208B5FB13E2BC5000D0B481 /* CKCouchDB.m */ = {isa = PBXFileReference; fileEncoding = 4; lastKnownFileType = sourcecode.c.objc; path = CKCouchDB.m; sourceTree = "<group>"; };
		C208B5FC13E2BC5000D0B481 /* CKCouchDocument.h */ = {isa = PBXFileReference; fileEncoding = 4; lastKnownFileType = sourcecode.c.h; path = CKCouchDocument.h; sourceTree = "<group>"; };
		C208B5FD13E2BC5000D0B481 /* CKGalleryView.h */ = {isa = PBXFileReference; fileEncoding = 4; lastKnownFileType = sourcecode.c.h; path = CKGalleryView.h; sourceTree = "<group>"; };
		C208B5FE13E2BC5000D0B481 /* CKGalleryView.m */ = {isa = PBXFileReference; fileEncoding = 4; lastKnownFileType = sourcecode.c.objc; path = CKGalleryView.m; sourceTree = "<group>"; };
		C208B5FF13E2BC5000D0B481 /* CKGalleryViewController.h */ = {isa = PBXFileReference; fileEncoding = 4; lastKnownFileType = sourcecode.c.h; path = CKGalleryViewController.h; sourceTree = "<group>"; };
		C208B60013E2BC5000D0B481 /* CKGalleryViewController.m */ = {isa = PBXFileReference; fileEncoding = 4; lastKnownFileType = sourcecode.c.objc; path = CKGalleryViewController.m; sourceTree = "<group>"; };
		C208B60113E2BC5000D0B481 /* CKGalleryViewController.xib */ = {isa = PBXFileReference; fileEncoding = 4; lastKnownFileType = file.xib; path = CKGalleryViewController.xib; sourceTree = "<group>"; };
		C208B60213E2BC5000D0B481 /* CKInsertDocumentsOperation.h */ = {isa = PBXFileReference; fileEncoding = 4; lastKnownFileType = sourcecode.c.h; path = CKInsertDocumentsOperation.h; sourceTree = "<group>"; };
		C208B60313E2BC5000D0B481 /* CKInsertDocumentsOperation.m */ = {isa = PBXFileReference; fileEncoding = 4; lastKnownFileType = sourcecode.c.objc; path = CKInsertDocumentsOperation.m; sourceTree = "<group>"; };
		C208B60413E2BC5000D0B481 /* CKInsertOperation.h */ = {isa = PBXFileReference; fileEncoding = 4; lastKnownFileType = sourcecode.c.h; path = CKInsertOperation.h; sourceTree = "<group>"; };
		C208B60513E2BC5000D0B481 /* CKInsertOperation.m */ = {isa = PBXFileReference; fileEncoding = 4; lastKnownFileType = sourcecode.c.objc; path = CKInsertOperation.m; sourceTree = "<group>"; };
		C208B60613E2BC5000D0B481 /* NamerAdditions.h */ = {isa = PBXFileReference; fileEncoding = 4; lastKnownFileType = sourcecode.c.h; path = NamerAdditions.h; sourceTree = "<group>"; };
		C208B60713E2BC5000D0B481 /* NamerAdditions.m */ = {isa = PBXFileReference; fileEncoding = 4; lastKnownFileType = sourcecode.c.objc; path = NamerAdditions.m; sourceTree = "<group>"; };
		C208B60813E2BC5000D0B481 /* Nouns.txt */ = {isa = PBXFileReference; fileEncoding = 4; lastKnownFileType = text; path = Nouns.txt; sourceTree = "<group>"; };
		C208B60913E2BC5000D0B481 /* NSString+Additions.h */ = {isa = PBXFileReference; fileEncoding = 4; lastKnownFileType = sourcecode.c.h; path = "NSString+Additions.h"; sourceTree = "<group>"; };
		C208B60A13E2BC5000D0B481 /* NSString+Additions.m */ = {isa = PBXFileReference; fileEncoding = 4; lastKnownFileType = sourcecode.c.objc; path = "NSString+Additions.m"; sourceTree = "<group>"; };
		C208B60B13E2BC5000D0B481 /* Prepositions.txt */ = {isa = PBXFileReference; fileEncoding = 4; lastKnownFileType = text; path = Prepositions.txt; sourceTree = "<group>"; };
		C208B60C13E2BC5000D0B481 /* Verbs.txt */ = {isa = PBXFileReference; fileEncoding = 4; lastKnownFileType = text; path = Verbs.txt; sourceTree = "<group>"; };
		C208B63313E2BC5000D0B481 /* CDDrawingView.h */ = {isa = PBXFileReference; fileEncoding = 4; lastKnownFileType = sourcecode.c.h; path = CDDrawingView.h; sourceTree = "<group>"; };
		C208B63413E2BC5000D0B481 /* CDDrawingView.m */ = {isa = PBXFileReference; fileEncoding = 4; lastKnownFileType = sourcecode.c.objc; path = CDDrawingView.m; sourceTree = "<group>"; };
		C208B63513E2BC5000D0B481 /* CDDrawingViewController.h */ = {isa = PBXFileReference; fileEncoding = 4; lastKnownFileType = sourcecode.c.h; path = CDDrawingViewController.h; sourceTree = "<group>"; };
		C208B63613E2BC5000D0B481 /* CDDrawingViewController.m */ = {isa = PBXFileReference; fileEncoding = 4; lastKnownFileType = sourcecode.c.objc; path = CDDrawingViewController.m; sourceTree = "<group>"; };
		C208B63713E2BC5000D0B481 /* CDDrawingViewController.xib */ = {isa = PBXFileReference; fileEncoding = 4; lastKnownFileType = file.xib; path = CDDrawingViewController.xib; sourceTree = "<group>"; };
		C208B63813E2BC5000D0B481 /* CDImageToDataTransformer.h */ = {isa = PBXFileReference; fileEncoding = 4; lastKnownFileType = sourcecode.c.h; path = CDImageToDataTransformer.h; sourceTree = "<group>"; };
		C208B63913E2BC5000D0B481 /* CDImageToDataTransformer.m */ = {isa = PBXFileReference; fileEncoding = 4; lastKnownFileType = sourcecode.c.objc; path = CDImageToDataTransformer.m; sourceTree = "<group>"; };
		C208B63B13E2BC5000D0B481 /* DrawingKit.xcdatamodel */ = {isa = PBXFileReference; lastKnownFileType = wrapper.xcdatamodel; path = DrawingKit.xcdatamodel; sourceTree = "<group>"; };
		C208B63D13E2BC5000D0B481 /* _CDDrawing.h */ = {isa = PBXFileReference; fileEncoding = 4; lastKnownFileType = sourcecode.c.h; path = _CDDrawing.h; sourceTree = "<group>"; };
		C208B63E13E2BC5000D0B481 /* _CDDrawing.m */ = {isa = PBXFileReference; fileEncoding = 4; lastKnownFileType = sourcecode.c.objc; path = _CDDrawing.m; sourceTree = "<group>"; };
		C208B63F13E2BC5000D0B481 /* _CDPath.h */ = {isa = PBXFileReference; fileEncoding = 4; lastKnownFileType = sourcecode.c.h; path = _CDPath.h; sourceTree = "<group>"; };
		C208B64013E2BC5000D0B481 /* _CDPath.m */ = {isa = PBXFileReference; fileEncoding = 4; lastKnownFileType = sourcecode.c.objc; path = _CDPath.m; sourceTree = "<group>"; };
		C208B64113E2BC5000D0B481 /* _CDPoint.h */ = {isa = PBXFileReference; fileEncoding = 4; lastKnownFileType = sourcecode.c.h; path = _CDPoint.h; sourceTree = "<group>"; };
		C208B64213E2BC5000D0B481 /* _CDPoint.m */ = {isa = PBXFileReference; fileEncoding = 4; lastKnownFileType = sourcecode.c.objc; path = _CDPoint.m; sourceTree = "<group>"; };
		C208B64313E2BC5000D0B481 /* CDDrawing.h */ = {isa = PBXFileReference; fileEncoding = 4; lastKnownFileType = sourcecode.c.h; path = CDDrawing.h; sourceTree = "<group>"; };
		C208B64413E2BC5000D0B481 /* CDDrawing.m */ = {isa = PBXFileReference; fileEncoding = 4; lastKnownFileType = sourcecode.c.objc; path = CDDrawing.m; sourceTree = "<group>"; };
		C208B64513E2BC5000D0B481 /* CDPath.h */ = {isa = PBXFileReference; fileEncoding = 4; lastKnownFileType = sourcecode.c.h; path = CDPath.h; sourceTree = "<group>"; };
		C208B64613E2BC5000D0B481 /* CDPath.m */ = {isa = PBXFileReference; fileEncoding = 4; lastKnownFileType = sourcecode.c.objc; path = CDPath.m; sourceTree = "<group>"; };
		C208B64713E2BC5000D0B481 /* CDPoint.h */ = {isa = PBXFileReference; fileEncoding = 4; lastKnownFileType = sourcecode.c.h; path = CDPoint.h; sourceTree = "<group>"; };
		C208B64813E2BC5000D0B481 /* CDPoint.m */ = {isa = PBXFileReference; fileEncoding = 4; lastKnownFileType = sourcecode.c.objc; path = CDPoint.m; sourceTree = "<group>"; };
		C208B64913E2BC5000D0B481 /* Readme.txt */ = {isa = PBXFileReference; fileEncoding = 4; lastKnownFileType = text; path = Readme.txt; sourceTree = "<group>"; };
		C208B64A13E2BC5000D0B481 /* runMOGenerator.sh */ = {isa = PBXFileReference; fileEncoding = 4; lastKnownFileType = text.script.sh; path = runMOGenerator.sh; sourceTree = "<group>"; };
		C208B64B13E2BC5000D0B481 /* UIColor+Additions.h */ = {isa = PBXFileReference; fileEncoding = 4; lastKnownFileType = sourcecode.c.h; path = "UIColor+Additions.h"; sourceTree = "<group>"; };
		C208B64C13E2BC5000D0B481 /* UIColor+Additions.m */ = {isa = PBXFileReference; fileEncoding = 4; lastKnownFileType = sourcecode.c.objc; path = "UIColor+Additions.m"; sourceTree = "<group>"; };
		C278E4F513E2207C00AEC22F /* HCConstants.h */ = {isa = PBXFileReference; fileEncoding = 4; lastKnownFileType = sourcecode.c.h; path = HCConstants.h; sourceTree = "<group>"; };
		C2EBCA9F13E2342200AF240F /* CDDrawing+RemixAdditions.h */ = {isa = PBXFileReference; fileEncoding = 4; lastKnownFileType = sourcecode.c.h; path = "CDDrawing+RemixAdditions.h"; sourceTree = "<group>"; };
		C2EBCAA013E2342200AF240F /* CDDrawing+RemixAdditions.m */ = {isa = PBXFileReference; fileEncoding = 4; lastKnownFileType = sourcecode.c.objc; path = "CDDrawing+RemixAdditions.m"; sourceTree = "<group>"; };
		C2FD792613E278160094F105 /* HCFetchedResultsController.h */ = {isa = PBXFileReference; fileEncoding = 4; lastKnownFileType = sourcecode.c.h; path = HCFetchedResultsController.h; sourceTree = "<group>"; };
		C2FD792713E278160094F105 /* HCFetchedResultsController.m */ = {isa = PBXFileReference; fileEncoding = 4; lastKnownFileType = sourcecode.c.objc; path = HCFetchedResultsController.m; sourceTree = "<group>"; };
/* End PBXFileReference section */

/* Begin PBXFrameworksBuildPhase section */
		C2029DE513E21229009FCD13 /* Frameworks */ = {
			isa = PBXFrameworksBuildPhase;
			buildActionMask = 2147483647;
			files = (
				C2029DED13E2122A009FCD13 /* UIKit.framework in Frameworks */,
				C2029DEF13E2122A009FCD13 /* Foundation.framework in Frameworks */,
				C2029DF113E2122A009FCD13 /* CoreGraphics.framework in Frameworks */,
				C2029DF313E2122A009FCD13 /* CoreData.framework in Frameworks */,
			);
			runOnlyForDeploymentPostprocessing = 0;
		};
/* End PBXFrameworksBuildPhase section */

/* Begin PBXGroup section */
		C2029DDD13E21229009FCD13 = {
			isa = PBXGroup;
			children = (
				C208B56E13E2BC4F00D0B481 /* CoreDataJSONKit */,
				C208B5BE13E2BC5000D0B481 /* CouchKit */,
				C208B60D13E2BC5000D0B481 /* DrawingKit */,
				C2029DF413E2122A009FCD13 /* HelloChair4 */,
				C2029DEB13E2122A009FCD13 /* Frameworks */,
				C2029DE913E2122A009FCD13 /* Products */,
			);
			sourceTree = "<group>";
		};
		C2029DE913E2122A009FCD13 /* Products */ = {
			isa = PBXGroup;
			children = (
				C2029DE813E2122A009FCD13 /* HelloChair4.app */,
			);
			name = Products;
			sourceTree = "<group>";
		};
		C2029DEB13E2122A009FCD13 /* Frameworks */ = {
			isa = PBXGroup;
			children = (
				C2029DEC13E2122A009FCD13 /* UIKit.framework */,
				C2029DEE13E2122A009FCD13 /* Foundation.framework */,
				C2029DF013E2122A009FCD13 /* CoreGraphics.framework */,
				C2029DF213E2122A009FCD13 /* CoreData.framework */,
			);
			name = Frameworks;
			sourceTree = "<group>";
		};
		C2029DF413E2122A009FCD13 /* HelloChair4 */ = {
			isa = PBXGroup;
			children = (
				C2029DFD13E2122A009FCD13 /* HelloChair4AppDelegate.h */,
				C2029DFE13E2122A009FCD13 /* HelloChair4AppDelegate.m */,
				C2029E0613E2122A009FCD13 /* HCActivityViewController.h */,
				C2029E0713E2122A009FCD13 /* HCActivityViewController.m */,
				C2029E0913E2122A009FCD13 /* HCActivityViewController.xib */,
				C2029E1113E2128A009FCD13 /* HCUserProfileViewController.h */,
				C2029E1213E2128A009FCD13 /* HCUserProfileViewController.m */,
				C2029E1313E2128A009FCD13 /* HCUserProfileViewController.xib */,
				C2029E1613E21355009FCD13 /* HCDrawingViewController.h */,
				C2029E1713E21355009FCD13 /* HCDrawingViewController.m */,
				C2029E0313E2122A009FCD13 /* MainWindow.xib */,
				C2029E0013E2122A009FCD13 /* HelloChair4.xcdatamodeld */,
				C2EBCA9F13E2342200AF240F /* CDDrawing+RemixAdditions.h */,
				C2EBCAA013E2342200AF240F /* CDDrawing+RemixAdditions.m */,
				C2029DF513E2122A009FCD13 /* Supporting Files */,
				C278E4F513E2207C00AEC22F /* HCConstants.h */,
				C2FD792613E278160094F105 /* HCFetchedResultsController.h */,
				C2FD792713E278160094F105 /* HCFetchedResultsController.m */,
			);
			path = HelloChair4;
			sourceTree = "<group>";
		};
		C2029DF513E2122A009FCD13 /* Supporting Files */ = {
			isa = PBXGroup;
			children = (
				C2029DF613E2122A009FCD13 /* HelloChair4-Info.plist */,
				C2029DF713E2122A009FCD13 /* InfoPlist.strings */,
				C2029DFA13E2122A009FCD13 /* main.m */,
				C2029DFC13E2122A009FCD13 /* HelloChair4-Prefix.pch */,
			);
			name = "Supporting Files";
			sourceTree = "<group>";
		};
		C208B56E13E2BC4F00D0B481 /* CoreDataJSONKit */ = {
			isa = PBXGroup;
			children = (
				C208B59413E2BC4F00D0B481 /* CoreDataJSONKit.h */,
				C208B59513E2BC4F00D0B481 /* CoreDataJSONKit.m */,
				C208B5BC13E2BC5000D0B481 /* JSONKit.h */,
				C208B5BD13E2BC5000D0B481 /* JSONKit.m */,
			);
			path = CoreDataJSONKit;
			sourceTree = "<group>";
		};
		C208B5BE13E2BC5000D0B481 /* CouchKit */ = {
			isa = PBXGroup;
			children = (
				C208B5E413E2BC5000D0B481 /* Adjectives.txt */,
				C208B5E513E2BC5000D0B481 /* AFNetworking */,
				C208B5F513E2BC5000D0B481 /* CDCouchDocumentsTableViewController.h */,
				C208B5F613E2BC5000D0B481 /* CDCouchDocumentsTableViewController.m */,
				C208B5F713E2BC5000D0B481 /* CDCouchDocumentsTableViewController.xib */,
				C208B5F813E2BC5000D0B481 /* CKCouchAPIClient.h */,
				C208B5F913E2BC5000D0B481 /* CKCouchAPIClient.m */,
				C208B5FA13E2BC5000D0B481 /* CKCouchDB.h */,
				C208B5FB13E2BC5000D0B481 /* CKCouchDB.m */,
				C208B5FC13E2BC5000D0B481 /* CKCouchDocument.h */,
				C208B5FD13E2BC5000D0B481 /* CKGalleryView.h */,
				C208B5FE13E2BC5000D0B481 /* CKGalleryView.m */,
				C208B5FF13E2BC5000D0B481 /* CKGalleryViewController.h */,
				C208B60013E2BC5000D0B481 /* CKGalleryViewController.m */,
				C208B60113E2BC5000D0B481 /* CKGalleryViewController.xib */,
				C208B60213E2BC5000D0B481 /* CKInsertDocumentsOperation.h */,
				C208B60313E2BC5000D0B481 /* CKInsertDocumentsOperation.m */,
				C208B60413E2BC5000D0B481 /* CKInsertOperation.h */,
				C208B60513E2BC5000D0B481 /* CKInsertOperation.m */,
				C208B60613E2BC5000D0B481 /* NamerAdditions.h */,
				C208B60713E2BC5000D0B481 /* NamerAdditions.m */,
				C208B60813E2BC5000D0B481 /* Nouns.txt */,
				C208B60913E2BC5000D0B481 /* NSString+Additions.h */,
				C208B60A13E2BC5000D0B481 /* NSString+Additions.m */,
				C208B60B13E2BC5000D0B481 /* Prepositions.txt */,
				C208B60C13E2BC5000D0B481 /* Verbs.txt */,
			);
			path = CouchKit;
			sourceTree = "<group>";
		};
		C208B5E513E2BC5000D0B481 /* AFNetworking */ = {
			isa = PBXGroup;
			children = (
				C208B5E613E2BC5000D0B481 /* AFCallback.h */,
				C208B5E713E2BC5000D0B481 /* AFCallback.m */,
				C208B5E813E2BC5000D0B481 /* AFHTTPOperation.h */,
				C208B5E913E2BC5000D0B481 /* AFHTTPOperation.m */,
				C208B5EA13E2BC5000D0B481 /* AFImageRequestOperation.h */,
				C208B5EB13E2BC5000D0B481 /* AFImageRequestOperation.m */,
				C208B5EC13E2BC5000D0B481 /* AFRestClient.h */,
				C208B5ED13E2BC5000D0B481 /* AFRestClient.m */,
				C208B5EE13E2BC5000D0B481 /* QHTTPOperation */,
				C208B5F313E2BC5000D0B481 /* UIImage+AFNetworking.h */,
				C208B5F413E2BC5000D0B481 /* UIImage+AFNetworking.m */,
			);
			path = AFNetworking;
			sourceTree = "<group>";
		};
		C208B5EE13E2BC5000D0B481 /* QHTTPOperation */ = {
			isa = PBXGroup;
			children = (
				C208B5EF13E2BC5000D0B481 /* QHTTPOperation.h */,
				C208B5F013E2BC5000D0B481 /* QHTTPOperation.m */,
				C208B5F113E2BC5000D0B481 /* QRunLoopOperation.h */,
				C208B5F213E2BC5000D0B481 /* QRunLoopOperation.m */,
			);
			path = QHTTPOperation;
			sourceTree = "<group>";
		};
		C208B60D13E2BC5000D0B481 /* DrawingKit */ = {
			isa = PBXGroup;
			children = (
				C208B63313E2BC5000D0B481 /* CDDrawingView.h */,
				C208B63413E2BC5000D0B481 /* CDDrawingView.m */,
				C208B63513E2BC5000D0B481 /* CDDrawingViewController.h */,
				C208B63613E2BC5000D0B481 /* CDDrawingViewController.m */,
				C208B63713E2BC5000D0B481 /* CDDrawingViewController.xib */,
				C208B63813E2BC5000D0B481 /* CDImageToDataTransformer.h */,
				C208B63913E2BC5000D0B481 /* CDImageToDataTransformer.m */,
				C208B63A13E2BC5000D0B481 /* DrawingKit.xcdatamodeld */,
				C208B63C13E2BC5000D0B481 /* Managed Objects */,
				C208B64913E2BC5000D0B481 /* Readme.txt */,
				C208B64A13E2BC5000D0B481 /* runMOGenerator.sh */,
				C208B64B13E2BC5000D0B481 /* UIColor+Additions.h */,
				C208B64C13E2BC5000D0B481 /* UIColor+Additions.m */,
			);
			path = DrawingKit;
			sourceTree = "<group>";
		};
		C208B63C13E2BC5000D0B481 /* Managed Objects */ = {
			isa = PBXGroup;
			children = (
				C208B63D13E2BC5000D0B481 /* _CDDrawing.h */,
				C208B63E13E2BC5000D0B481 /* _CDDrawing.m */,
				C208B63F13E2BC5000D0B481 /* _CDPath.h */,
				C208B64013E2BC5000D0B481 /* _CDPath.m */,
				C208B64113E2BC5000D0B481 /* _CDPoint.h */,
				C208B64213E2BC5000D0B481 /* _CDPoint.m */,
				C208B64313E2BC5000D0B481 /* CDDrawing.h */,
				C208B64413E2BC5000D0B481 /* CDDrawing.m */,
				C208B64513E2BC5000D0B481 /* CDPath.h */,
				C208B64613E2BC5000D0B481 /* CDPath.m */,
				C208B64713E2BC5000D0B481 /* CDPoint.h */,
				C208B64813E2BC5000D0B481 /* CDPoint.m */,
			);
			path = "Managed Objects";
			sourceTree = "<group>";
		};
/* End PBXGroup section */

/* Begin PBXNativeTarget section */
		C2029DE713E21229009FCD13 /* HelloChair4 */ = {
			isa = PBXNativeTarget;
			buildConfigurationList = C2029E0E13E2122A009FCD13 /* Build configuration list for PBXNativeTarget "HelloChair4" */;
			buildPhases = (
				C2029DE413E21229009FCD13 /* Sources */,
				C2029DE513E21229009FCD13 /* Frameworks */,
				C2029DE613E21229009FCD13 /* Resources */,
			);
			buildRules = (
			);
			dependencies = (
			);
			name = HelloChair4;
			productName = HelloChair4;
			productReference = C2029DE813E2122A009FCD13 /* HelloChair4.app */;
			productType = "com.apple.product-type.application";
		};
/* End PBXNativeTarget section */

/* Begin PBXProject section */
		C2029DDF13E21229009FCD13 /* Project object */ = {
			isa = PBXProject;
			attributes = {
				LastUpgradeCheck = 0420;
			};
			buildConfigurationList = C2029DE213E21229009FCD13 /* Build configuration list for PBXProject "HelloChair4" */;
			compatibilityVersion = "Xcode 3.2";
			developmentRegion = English;
			hasScannedForEncodings = 0;
			knownRegions = (
				en,
			);
			mainGroup = C2029DDD13E21229009FCD13;
			productRefGroup = C2029DE913E2122A009FCD13 /* Products */;
			projectDirPath = "";
			projectRoot = "";
			targets = (
				C2029DE713E21229009FCD13 /* HelloChair4 */,
			);
		};
/* End PBXProject section */

/* Begin PBXResourcesBuildPhase section */
		C2029DE613E21229009FCD13 /* Resources */ = {
			isa = PBXResourcesBuildPhase;
			buildActionMask = 2147483647;
			files = (
				C2029DF913E2122A009FCD13 /* InfoPlist.strings in Resources */,
				C2029E0513E2122A009FCD13 /* MainWindow.xib in Resources */,
				C2029E0B13E2122A009FCD13 /* HCActivityViewController.xib in Resources */,
				C2029E1513E2128A009FCD13 /* HCUserProfileViewController.xib in Resources */,
				C208B69113E2BC5000D0B481 /* Adjectives.txt in Resources */,
				C208B69A13E2BC5000D0B481 /* CDCouchDocumentsTableViewController.xib in Resources */,
				C208B69F13E2BC5000D0B481 /* CKGalleryViewController.xib in Resources */,
				C208B6A313E2BC5000D0B481 /* Nouns.txt in Resources */,
				C208B6A513E2BC5000D0B481 /* Prepositions.txt in Resources */,
				C208B6A613E2BC5000D0B481 /* Verbs.txt in Resources */,
				C208B6BF13E2BC5000D0B481 /* CDDrawingViewController.xib in Resources */,
				C208B6C813E2BC5000D0B481 /* Readme.txt in Resources */,
				C208B6C913E2BC5000D0B481 /* runMOGenerator.sh in Resources */,
			);
			runOnlyForDeploymentPostprocessing = 0;
		};
/* End PBXResourcesBuildPhase section */

/* Begin PBXSourcesBuildPhase section */
		C2029DE413E21229009FCD13 /* Sources */ = {
			isa = PBXSourcesBuildPhase;
			buildActionMask = 2147483647;
			files = (
				C2029DFB13E2122A009FCD13 /* main.m in Sources */,
				C2029DFF13E2122A009FCD13 /* HelloChair4AppDelegate.m in Sources */,
				C2029E0213E2122A009FCD13 /* HelloChair4.xcdatamodeld in Sources */,
				C2029E0813E2122A009FCD13 /* HCActivityViewController.m in Sources */,
				C2029E1413E2128A009FCD13 /* HCUserProfileViewController.m in Sources */,
				C2029E1913E21355009FCD13 /* HCDrawingViewController.m in Sources */,
				C2EBCAA113E2342200AF240F /* CDDrawing+RemixAdditions.m in Sources */,
				C2FD792813E278160094F105 /* HCFetchedResultsController.m in Sources */,
				C208B66713E2BC5000D0B481 /* CoreDataJSONKit.m in Sources */,
				C208B67A13E2BC5000D0B481 /* JSONKit.m in Sources */,
				C208B69213E2BC5000D0B481 /* AFCallback.m in Sources */,
				C208B69313E2BC5000D0B481 /* AFHTTPOperation.m in Sources */,
				C208B69413E2BC5000D0B481 /* AFImageRequestOperation.m in Sources */,
				C208B69513E2BC5000D0B481 /* AFRestClient.m in Sources */,
				C208B69613E2BC5000D0B481 /* QHTTPOperation.m in Sources */,
				C208B69713E2BC5000D0B481 /* QRunLoopOperation.m in Sources */,
				C208B69813E2BC5000D0B481 /* UIImage+AFNetworking.m in Sources */,
				C208B69913E2BC5000D0B481 /* CDCouchDocumentsTableViewController.m in Sources */,
				C208B69B13E2BC5000D0B481 /* CKCouchAPIClient.m in Sources */,
				C208B69C13E2BC5000D0B481 /* CKCouchDB.m in Sources */,
				C208B69D13E2BC5000D0B481 /* CKGalleryView.m in Sources */,
				C208B69E13E2BC5000D0B481 /* CKGalleryViewController.m in Sources */,
				C208B6A013E2BC5000D0B481 /* CKInsertDocumentsOperation.m in Sources */,
				C208B6A113E2BC5000D0B481 /* CKInsertOperation.m in Sources */,
				C208B6A213E2BC5000D0B481 /* NamerAdditions.m in Sources */,
				C208B6A413E2BC5000D0B481 /* NSString+Additions.m in Sources */,
				C208B6BD13E2BC5000D0B481 /* CDDrawingView.m in Sources */,
				C208B6BE13E2BC5000D0B481 /* CDDrawingViewController.m in Sources */,
				C208B6C013E2BC5000D0B481 /* CDImageToDataTransformer.m in Sources */,
				C208B6C113E2BC5000D0B481 /* DrawingKit.xcdatamodeld in Sources */,
				C208B6C213E2BC5000D0B481 /* _CDDrawing.m in Sources */,
				C208B6C313E2BC5000D0B481 /* _CDPath.m in Sources */,
				C208B6C413E2BC5000D0B481 /* _CDPoint.m in Sources */,
				C208B6C513E2BC5000D0B481 /* CDDrawing.m in Sources */,
				C208B6C613E2BC5000D0B481 /* CDPath.m in Sources */,
				C208B6C713E2BC5000D0B481 /* CDPoint.m in Sources */,
				C208B6CA13E2BC5000D0B481 /* UIColor+Additions.m in Sources */,
			);
			runOnlyForDeploymentPostprocessing = 0;
		};
/* End PBXSourcesBuildPhase section */

/* Begin PBXVariantGroup section */
		C2029DF713E2122A009FCD13 /* InfoPlist.strings */ = {
			isa = PBXVariantGroup;
			children = (
				C2029DF813E2122A009FCD13 /* en */,
			);
			name = InfoPlist.strings;
			sourceTree = "<group>";
		};
		C2029E0313E2122A009FCD13 /* MainWindow.xib */ = {
			isa = PBXVariantGroup;
			children = (
				C2029E0413E2122A009FCD13 /* en */,
			);
			name = MainWindow.xib;
			sourceTree = "<group>";
		};
		C2029E0913E2122A009FCD13 /* HCActivityViewController.xib */ = {
			isa = PBXVariantGroup;
			children = (
				C2029E0A13E2122A009FCD13 /* en */,
			);
			name = HCActivityViewController.xib;
			sourceTree = "<group>";
		};
/* End PBXVariantGroup section */

/* Begin XCBuildConfiguration section */
		C2029E0C13E2122A009FCD13 /* Debug */ = {
			isa = XCBuildConfiguration;
			buildSettings = {
				ALWAYS_SEARCH_USER_PATHS = NO;
				ARCHS = "$(ARCHS_STANDARD_32_BIT)";
				"CODE_SIGN_IDENTITY[sdk=iphoneos*]" = "iPhone Developer";
				COPY_PHASE_STRIP = NO;
				GCC_C_LANGUAGE_STANDARD = gnu99;
				GCC_DYNAMIC_NO_PIC = NO;
				GCC_OPTIMIZATION_LEVEL = 0;
				GCC_PREPROCESSOR_DEFINITIONS = (
					"DEBUG=1",
					"$(inherited)",
				);
				GCC_SYMBOLS_PRIVATE_EXTERN = NO;
				GCC_VERSION = com.apple.compilers.llvmgcc42;
				GCC_WARN_ABOUT_MISSING_PROTOTYPES = YES;
				GCC_WARN_ABOUT_RETURN_TYPE = YES;
				GCC_WARN_UNUSED_VARIABLE = YES;
				IPHONEOS_DEPLOYMENT_TARGET = 4.3;
				SDKROOT = iphoneos;
			};
			name = Debug;
		};
		C2029E0D13E2122A009FCD13 /* Release */ = {
			isa = XCBuildConfiguration;
			buildSettings = {
				ALWAYS_SEARCH_USER_PATHS = NO;
				ARCHS = "$(ARCHS_STANDARD_32_BIT)";
				"CODE_SIGN_IDENTITY[sdk=iphoneos*]" = "iPhone Developer";
				COPY_PHASE_STRIP = YES;
				GCC_C_LANGUAGE_STANDARD = gnu99;
				GCC_VERSION = com.apple.compilers.llvmgcc42;
				GCC_WARN_ABOUT_MISSING_PROTOTYPES = YES;
				GCC_WARN_ABOUT_RETURN_TYPE = YES;
				GCC_WARN_UNUSED_VARIABLE = YES;
				IPHONEOS_DEPLOYMENT_TARGET = 4.3;
				OTHER_CFLAGS = "-DNS_BLOCK_ASSERTIONS=1";
				SDKROOT = iphoneos;
				VALIDATE_PRODUCT = YES;
			};
			name = Release;
		};
		C2029E0F13E2122A009FCD13 /* Debug */ = {
			isa = XCBuildConfiguration;
			buildSettings = {
				GCC_PRECOMPILE_PREFIX_HEADER = YES;
				GCC_PREFIX_HEADER = "HelloChair4/HelloChair4-Prefix.pch";
				INFOPLIST_FILE = "HelloChair4/HelloChair4-Info.plist";
				PRODUCT_NAME = "$(TARGET_NAME)";
				WRAPPER_EXTENSION = app;
			};
			name = Debug;
		};
		C2029E1013E2122A009FCD13 /* Release */ = {
			isa = XCBuildConfiguration;
			buildSettings = {
				GCC_PRECOMPILE_PREFIX_HEADER = YES;
				GCC_PREFIX_HEADER = "HelloChair4/HelloChair4-Prefix.pch";
				INFOPLIST_FILE = "HelloChair4/HelloChair4-Info.plist";
				PRODUCT_NAME = "$(TARGET_NAME)";
				WRAPPER_EXTENSION = app;
			};
			name = Release;
		};
/* End XCBuildConfiguration section */

/* Begin XCConfigurationList section */
		C2029DE213E21229009FCD13 /* Build configuration list for PBXProject "HelloChair4" */ = {
			isa = XCConfigurationList;
			buildConfigurations = (
				C2029E0C13E2122A009FCD13 /* Debug */,
				C2029E0D13E2122A009FCD13 /* Release */,
			);
			defaultConfigurationIsVisible = 0;
			defaultConfigurationName = Release;
		};
		C2029E0E13E2122A009FCD13 /* Build configuration list for PBXNativeTarget "HelloChair4" */ = {
			isa = XCConfigurationList;
			buildConfigurations = (
				C2029E0F13E2122A009FCD13 /* Debug */,
				C2029E1013E2122A009FCD13 /* Release */,
			);
			defaultConfigurationIsVisible = 0;
			defaultConfigurationName = Release;
		};
/* End XCConfigurationList section */

/* Begin XCVersionGroup section */
		C2029E0013E2122A009FCD13 /* HelloChair4.xcdatamodeld */ = {
			isa = XCVersionGroup;
			children = (
				C2029E0113E2122A009FCD13 /* HelloChair4.xcdatamodel */,
			);
			currentVersion = C2029E0113E2122A009FCD13 /* HelloChair4.xcdatamodel */;
			path = HelloChair4.xcdatamodeld;
			sourceTree = "<group>";
			versionGroupType = wrapper.xcdatamodel;
		};
		C208B63A13E2BC5000D0B481 /* DrawingKit.xcdatamodeld */ = {
			isa = XCVersionGroup;
			children = (
				C208B63B13E2BC5000D0B481 /* DrawingKit.xcdatamodel */,
			);
			currentVersion = C208B63B13E2BC5000D0B481 /* DrawingKit.xcdatamodel */;
			path = DrawingKit.xcdatamodeld;
			sourceTree = "<group>";
			versionGroupType = wrapper.xcdatamodel;
		};
/* End XCVersionGroup section */
	};
	rootObject = C2029DDF13E21229009FCD13 /* Project object */;
}
